github.com/aileron-projects/go-tester v0.0.0-20260805021113-17dd56ac98f3 h1:O0cMmorrHNdrKzPP4zQo+D9uH07XR+Ru5smMP/JVFic=
github.com/aileron-projects/go-tester v0.0.0-20260805021113-17dd56ac98f3/go.mod h1:tYtuLZkWS1gJzPbtTSYm6Byq4BYOmv+LnBe8NPpWq4s=
github.com/davecgh/go-spew v1.1.1 h1:vj9j/u1bqnvCEfJOwUhtlOARqs3+rkHYY13jYWTU97c=
github.com/davecgh/go-spew v1.1.1/go.mod h1:J7Y8YcW2NihsgmVo/mv3lAwl/skON4iLHjSsI+c5H38=
